
Microsoft Visual Studio Solution File, Format Version 12.00
# Visual Studio Version 17
VisualStudioVersion = 17.13.35828.75 d17.13
MinimumVisualStudioVersion = 10.0.40219.1
Project("{FAE04EC0-301F-11D3-BF4B-00C04F79EFBC}") = "GABS20250319.AppWebMVC", "GABS20250319.AppWebMVC\GABS20250319.AppWebMVC.csproj", "{1A2A05AB-2DC7-4C74-8C72-EC9451AAB6DE}"
EndProject
Global
	GlobalSection(SolutionConfigurationPlatforms) = preSolution
		Debug|Any CPU = Debug|Any CPU
		Release|Any CPU = Release|Any CPU
	EndGlobalSection
	GlobalSection(ProjectConfigurationPlatforms) = postSolution
		{1A2A05AB-2DC7-4C74-8C72-EC9451AAB6DE}.Debug|Any CPU.ActiveCfg = Debug|Any CPU
		{1A2A05AB-2DC7-4C74-8C72-EC9451AAB6DE}.Debug|Any CPU.Build.0 = Debug|Any CPU
		{1A2A05AB-2DC7-4C74-8C72-EC9451AAB6DE}.Release|Any CPU.ActiveCfg = Release|Any CPU
		{1A2A05AB-2DC7-4C74-8C72-EC9451AAB6DE}.Release|Any CPU.Build.0 = Release|Any CPU
	EndGlobalSection
	GlobalSection(SolutionProperties) = preSolution
		HideSolutionNode = FALSE
	EndGlobalSection
	GlobalSection(ExtensibilityGlobals) = postSolution
		SolutionGuid = {8DF7D229-2383-478E-8C25-309A8535C8B3}
	EndGlobalSection
EndGlobal
